// !$*UTF8*$!
{
	archiveVersion = 1;
	classes = {
	};
	objectVersion = 50;
	objects = {

/* Begin PBXBuildFile section */
		46FB17EF21651AC900F0E153 /* AppDelegate.swift in Sources */ = {isa = PBXBuildFile; fileRef = 46FB17EE21651AC900F0E153 /* AppDelegate.swift */; };
		46FB17F121651AC900F0E153 /* ViewController.swift in Sources */ = {isa = PBXBuildFile; fileRef = 46FB17F021651AC900F0E153 /* ViewController.swift */; };
		46FB17F421651AC900F0E153 /* Main.storyboard in Resources */ = {isa = PBXBuildFile; fileRef = 46FB17F221651AC900F0E153 /* Main.storyboard */; };
		46FB17F621651ACB00F0E153 /* Assets.xcassets in Resources */ = {isa = PBXBuildFile; fileRef = 46FB17F521651ACB00F0E153 /* Assets.xcassets */; };
		46FB17F921651ACB00F0E153 /* LaunchScreen.storyboard in Resources */ = {isa = PBXBuildFile; fileRef = 46FB17F721651ACB00F0E153 /* LaunchScreen.storyboard */; };
		6DB2CEA855007B7B2E14EB11 /* Pods_MADD_Assignment_2.framework in Frameworks */ = {isa = PBXBuildFile; fileRef = 603352AB0BF6822F440274FE /* Pods_MADD_Assignment_2.framework */; };
/* End PBXBuildFile section */

/* Begin PBXFileReference section */
		46FB17EB21651AC900F0E153 /* MADD-Assignment-2.app */ = {isa = PBXFileReference; explicitFileType = wrapper.application; includeInIndex = 0; path = "MADD-Assignment-2.app"; sourceTree = BUILT_PRODUCTS_DIR; };
		46FB17EE21651AC900F0E153 /* AppDelegate.swift */ = {isa = PBXFileReference; lastKnownFileType = sourcecode.swift; path = AppDelegate.swift; sourceTree = "<group>"; };
		46FB17F021651AC900F0E153 /* ViewController.swift */ = {isa = PBXFileReference; lastKnownFileType = sourcecode.swift; path = ViewController.swift; sourceTree = "<group>"; };
		46FB17F321651AC900F0E153 /* Base */ = {isa = PBXFileReference; lastKnownFileType = file.storyboard; name = Base; path = Base.lproj/Main.storyboard; sourceTree = "<group>"; };
		46FB17F521651ACB00F0E153 /* Assets.xcassets */ = {isa = PBXFileReference; lastKnownFileType = folder.assetcatalog; path = Assets.xcassets; sourceTree = "<group>"; };
		46FB17F821651ACB00F0E153 /* Base */ = {isa = PBXFileReference; lastKnownFileType = file.storyboard; name = Base; path = Base.lproj/LaunchScreen.storyboard; sourceTree = "<group>"; };
		46FB17FA21651ACB00F0E153 /* Info.plist */ = {isa = PBXFileReference; lastKnownFileType = text.plist.xml; path = Info.plist; sourceTree = "<group>"; };
		4BA47651DA20E551011FB480 /* Pods-MADD-Assignment-2.debug.xcconfig */ = {isa = PBXFileReference; includeInIndex = 1; lastKnownFileType = text.xcconfig; name = "Pods-MADD-Assignment-2.debug.xcconfig"; path = "Pods/Target Support Files/Pods-MADD-Assignment-2/Pods-MADD-Assignment-2.debug.xcconfig"; sourceTree = "<group>"; };
		5646B89DAE14BFD678A8D9B0 /* Pods-MADD-Assignment-2.release.xcconfig */ = {isa = PBXFileReference; includeInIndex = 1; lastKnownFileType = text.xcconfig; name = "Pods-MADD-Assignment-2.release.xcconfig"; path = "Pods/Target Support Files/Pods-MADD-Assignment-2/Pods-MADD-Assignment-2.release.xcconfig"; sourceTree = "<group>"; };
		603352AB0BF6822F440274FE /* Pods_MADD_Assignment_2.framework */ = {isa = PBXFileReference; explicitFileType = wrapper.framework; includeInIndex = 0; path = Pods_MADD_Assignment_2.framework; sourceTree = BUILT_PRODUCTS_DIR; };
/* End PBXFileReference section */

/* Begin PBXFrameworksBuildPhase section */
		46FB17E821651AC900F0E153 /* Frameworks */ = {
			isa = PBXFrameworksBuildPhase;
			buildActionMask = 2147483647;
			files = (
				6DB2CEA855007B7B2E14EB11 /* Pods_MADD_Assignment_2.framework in Frameworks */,
			);
			runOnlyForDeploymentPostprocessing = 0;
		};
/* End PBXFrameworksBuildPhase section */

/* Begin PBXGroup section */
		46FB17E221651AC900F0E153 = {
			isa = PBXGroup;
			children = (
				46FB17ED21651AC900F0E153 /* MADD-Assignment-2 */,
				46FB17EC21651AC900F0E153 /* Products */,
				8F1DE7F31EDB8FF4CAE960D4 /* Pods */,
				6CC0813864EE786BE886FBDD /* Frameworks */,
			);
			sourceTree = "<group>";
		};
		46FB17EC21651AC900F0E153 /* Products */ = {
			isa = PBXGroup;
			children = (
				46FB17EB21651AC900F0E153 /* MADD-Assignment-2.app */,
			);
			name = Products;
			sourceTree = "<group>";
		};
		46FB17ED21651AC900F0E153 /* MADD-Assignment-2 */ = {
			isa = PBXGroup;
			children = (
				46FB17EE21651AC900F0E153 /* AppDelegate.swift */,
				46FB17F021651AC900F0E153 /* ViewController.swift */,
				46FB17F221651AC900F0E153 /* Main.storyboard */,
				46FB17F521651ACB00F0E153 /* Assets.xcassets */,
				46FB17F721651ACB00F0E153 /* LaunchScreen.storyboard */,
				46FB17FA21651ACB00F0E153 /* Info.plist */,
			);
			path = "MADD-Assignment-2";
			sourceTree = "<group>";
		};
		6CC0813864EE786BE886FBDD /* Frameworks */ = {
			isa = PBXGroup;
			children = (
				603352AB0BF6822F440274FE /* Pods_MADD_Assignment_2.framework */,
			);
			name = Frameworks;
			sourceTree = "<group>";
		};
		8F1DE7F31EDB8FF4CAE960D4 /* Pods */ = {
			isa = PBXGroup;
			children = (
				4BA47651DA20E551011FB480 /* Pods-MADD-Assignment-2.debug.xcconfig */,
				5646B89DAE14BFD678A8D9B0 /* Pods-MADD-Assignment-2.release.xcconfig */,
			);
			name = Pods;
			sourceTree = "<group>";
		};
/* End PBXGroup section */

/* Begin PBXNativeTarget section */
		46FB17EA21651AC900F0E153 /* MADD-Assignment-2 */ = {
			isa = PBXNativeTarget;
			buildConfigurationList = 46FB17FD21651ACB00F0E153 /* Build configuration list for PBXNativeTarget "MADD-Assignment-2" */;
			buildPhases = (
				F79276C38E87A592BC9D1E0C /* [CP] Check Pods Manifest.lock */,
				46FB17E721651AC900F0E153 /* Sources */,
				46FB17E821651AC900F0E153 /* Frameworks */,
				46FB17E921651AC900F0E153 /* Resources */,
			);
			buildRules = (
			);
			dependencies = (
			);
			name = "MADD-Assignment-2";
			productName = "MADD-Assignment-2";
			productReference = 46FB17EB21651AC900F0E153 /* MADD-Assignment-2.app */;
			productType = "com.apple.product-type.application";
		};
/* End PBXNativeTarget section */

/* Begin PBXProject section */
		46FB17E321651AC900F0E153 /* Project object */ = {
			isa = PBXProject;
			attributes = {
				LastSwiftUpdateCheck = 0940;
				LastUpgradeCheck = 0940;
				ORGANIZATIONNAME = "Nandun Bandara";
				TargetAttributes = {
					46FB17EA21651AC900F0E153 = {
						CreatedOnToolsVersion = 9.4.1;
					};
				};
			};
			buildConfigurationList = 46FB17E621651AC900F0E153 /* Build configuration list for PBXProject "MADD-Assignment-2" */;
			compatibilityVersion = "Xcode 9.3";
			developmentRegion = en;
			hasScannedForEncodings = 0;
			knownRegions = (
				en,
				Base,
			);
			mainGroup = 46FB17E221651AC900F0E153;
			productRefGroup = 46FB17EC21651AC900F0E153 /* Products */;
			projectDirPath = "";
			projectRoot = "";
			targets = (
				46FB17EA21651AC900F0E153 /* MADD-Assignment-2 */,
			);
		};
/* End PBXProject section */

/* Begin PBXResourcesBuildPhase section */
		46FB17E921651AC900F0E153 /* Resources */ = {
			isa = PBXResourcesBuildPhase;
			buildActionMask = 2147483647;
			files = (
				46FB17F921651ACB00F0E153 /* LaunchScreen.storyboard in Resources */,
				46FB17F621651ACB00F0E153 /* Assets.xcassets in Resources */,
				46FB17F421651AC900F0E153 /* Main.storyboard in Resources */,
			);
			runOnlyForDeploymentPostprocessing = 0;
		};
/* End PBXResourcesBuildPhase section */

/* Begin PBXShellScriptBuildPhase section */
		F79276C38E87A592BC9D1E0C /* [CP] Check Pods Manifest.lock */ = {
			isa = PBXShellScriptBuildPhase;
			buildActionMask = 2147483647;
			files = (
			);
			inputFileListPaths = (
			);
			inputPaths = (
				"${PODS_PODFILE_DIR_PATH}/Podfile.lock",
				"${PODS_ROOT}/Manifest.lock",
			);
			name = "[CP] Check Pods Manifest.lock";
			outputFileListPaths = (
			);
			outputPaths = (
				"$(DERIVED_FILE_DIR)/Pods-MADD-Assignment-2-checkManifestLockResult.txt",
			);
			runOnlyForDeploymentPostprocessing = 0;
			shellPath = /bin/sh;
			shellScript = "diff \"${PODS_PODFILE_DIR_PATH}/Podfile.lock\" \"${PODS_ROOT}/Manifest.lock\" > /dev/null\nif [ $? != 0 ] ; then\n    # print error to STDERR\n    echo \"error: The sandbox is not in sync with the Podfile.lock. Run 'pod install' or update your CocoaPods installation.\" >&2\n    exit 1\nfi\n# This output is used by Xcode 'outputs' to avoid re-running this script phase.\necho \"SUCCESS\" > \"${SCRIPT_OUTPUT_FILE_0}\"\n";
			showEnvVarsInLog = 0;
		};
/* End PBXShellScriptBuildPhase section */

/* Begin PBXSourcesBuildPhase section */
		46FB17E721651AC900F0E153 /* Sources */ = {
			isa = PBXSourcesBuildPhase;
			buildActionMask = 2147483647;
			files = (
				46FB17F121651AC900F0E153 /* ViewController.swift in Sources */,
				46FB17EF21651AC900F0E153 /* AppDelegate.swift in Sources */,
			);
			runOnlyForDeploymentPostprocessing = 0;
		};
/* End PBXSourcesBuildPhase section */

/* Begin PBXVariantGroup section */
		46FB17F221651AC900F0E153 /* Main.storyboard */ = {
			isa = PBXVariantGroup;
			children = (
				46FB17F321651AC900F0E153 /* Base */,
			);
			name = Main.storyboard;
			sourceTree = "<group>";
		};
		46FB17F721651ACB00F0E153 /* LaunchScreen.storyboard */ = {
			isa = PBXVariantGroup;
			children = (
				46FB17F821651ACB00F0E153 /* Base */,
			);
			name = LaunchScreen.storyboard;
			sourceTree = "<group>";
		};
/* End PBXVariantGroup section */

/* Begin XCBuildConfiguration section */
		46FB17FB21651ACB00F0E153 /* Debug */ = {
			isa = XCBuildConfiguration;
			buildSettings = {
				ALWAYS_SEARCH_USER_PATHS = NO;
				CLANG_ANALYZER_NONNULL = YES;
				CLANG_ANALYZER_NUMBER_OBJECT_CONVERSION = YES_AGGRESSIVE;
				CLANG_CXX_LANGUAGE_STANDARD = "gnu++14";
				CLANG_CXX_LIBRARY = "libc++";
				CLANG_ENABLE_MODULES = YES;
				CLANG_ENABLE_OBJC_ARC = YES;
				CLANG_ENABLE_OBJC_WEAK = YES;
				CLANG_WARN_BLOCK_CAPTURE_AUTORELEASING = YES;
				CLANG_WARN_BOOL_CONVERSION = YES;
				CLANG_WARN_COMMA = YES;
				CLANG_WARN_CONSTANT_CONVERSION = YES;
				CLANG_WARN_DEPRECATED_OBJC_IMPLEMENTATIONS = YES;
				CLANG_WARN_DIRECT_OBJC_ISA_USAGE = YES_ERROR;
				CLANG_WARN_DOCUMENTATION_COMMENTS = YES;
				CLANG_WARN_EMPTY_BODY = YES;
				CLANG_WARN_ENUM_CONVERSION = YES;
				CLANG_WARN_INFINITE_RECURSION = YES;
				CLANG_WARN_INT_CONVERSION = YES;
				CLANG_WARN_NON_LITERAL_NULL_CONVERSION = YES;
				CLANG_WARN_OBJC_IMPLICIT_RETAIN_SELF = YES;
				CLANG_WARN_OBJC_LITERAL_CONVERSION = YES;
				CLANG_WARN_OBJC_ROOT_CLASS = YES_ERROR;
				CLANG_WARN_RANGE_LOOP_ANALYSIS = YES;
				CLANG_WARN_STRICT_PROTOTYPES = YES;
				CLANG_WARN_SUSPICIOUS_MOVE = YES;
				CLANG_WARN_UNGUARDED_AVAILABILITY = YES_AGGRESSIVE;
				CLANG_WARN_UNREACHABLE_CODE = YES;
				CLANG_WARN__DUPLICATE_METHOD_MATCH = YES;
				CODE_SIGN_IDENTITY = "iPhone Developer";
				COPY_PHASE_STRIP = NO;
				DEBUG_INFORMATION_FORMAT = dwarf;
				ENABLE_STRICT_OBJC_MSGSEND = YES;
				ENABLE_TESTABILITY = YES;
				GCC_C_LANGUAGE_STANDARD = gnu11;
				GCC_DYNAMIC_NO_PIC = NO;
				GCC_NO_COMMON_BLOCKS = YES;
				GCC_OPTIMIZATION_LEVEL = 0;
				GCC_PREPROCESSOR_DEFINITIONS = (
					"DEBUG=1",
					"$(inherited)",
				);
				GCC_WARN_64_TO_32_BIT_CONVERSION = YES;
				GCC_WARN_ABOUT_RETURN_TYPE = YES_ERROR;
				GCC_WARN_UNDECLARED_SELECTOR = YES;
				GCC_WARN_UNINITIALIZED_AUTOS = YES_AGGRESSIVE;
				GCC_WARN_UNUSED_FUNCTION = YES;
				GCC_WARN_UNUSED_VARIABLE = YES;
				IPHONEOS_DEPLOYMENT_TARGET = 11.4;
				MTL_ENABLE_DEBUG_INFO = YES;
				ONLY_ACTIVE_ARCH = YES;
				SDKROOT = iphoneos;
				SWIFT_ACTIVE_COMPILATION_CONDITIONS = DEBUG;
				SWIFT_OPTIMIZATION_LEVEL = "-Onone";
			};
			name = Debug;
		};
		46FB17FC21651ACB00F0E153 /* Release */ = {
			isa = XCBuildConfiguration;
			buildSettings = {
				ALWAYS_SEARCH_USER_PATHS = NO;
				CLANG_ANALYZER_NONNULL = YES;
				CLANG_ANALYZER_NUMBER_OBJECT_CONVERSION = YES_AGGRESSIVE;
				CLANG_CXX_LANGUAGE_STANDARD = "gnu++14";
				CLANG_CXX_LIBRARY = "libc++";
				CLANG_ENABLE_MODULES = YES;
				CLANG_ENABLE_OBJC_ARC = YES;
				CLANG_ENABLE_OBJC_WEAK = YES;
				CLANG_WARN_BLOCK_CAPTURE_AUTORELEASING = YES;
				CLANG_WARN_BOOL_CONVERSION = YES;
				CLANG_WARN_COMMA = YES;
				CLANG_WARN_CONSTANT_CONVERSION = YES;
				CLANG_WARN_DEPRECATED_OBJC_IMPLEMENTATIONS = YES;
				CLANG_WARN_DIRECT_OBJC_ISA_USAGE = YES_ERROR;
				CLANG_WARN_DOCUMENTATION_COMMENTS = YES;
				CLANG_WARN_EMPTY_BODY = YES;
				CLANG_WARN_ENUM_CONVERSION = YES;
				CLANG_WARN_INFINITE_RECURSION = YES;
				CLANG_WARN_INT_CONVERSION = YES;
				CLANG_WARN_NON_LITERAL_NULL_CONVERSION = YES;
				CLANG_WARN_OBJC_IMPLICIT_RETAIN_SELF = YES;
				CLANG_WARN_OBJC_LITERAL_CONVERSION = YES;
				CLANG_WARN_OBJC_ROOT_CLASS = YES_ERROR;
				CLANG_WARN_RANGE_LOOP_ANALYSIS = YES;
				CLANG_WARN_STRICT_PROTOTYPES = YES;
				CLANG_WARN_SUSPICIOUS_MOVE = YES;
				CLANG_WARN_UNGUARDED_AVAILABILITY = YES_AGGRESSIVE;
				CLANG_WARN_UNREACHABLE_CODE = YES;
				CLANG_WARN__DUPLICATE_METHOD_MATCH = YES;
				CODE_SIGN_IDENTITY = "iPhone Developer";
				COPY_PHASE_STRIP = NO;
				DEBUG_INFORMATION_FORMAT = "dwarf-with-dsym";
				ENABLE_NS_ASSERTIONS = NO;
				ENABLE_STRICT_OBJC_MSGSEND = YES;
				GCC_C_LANGUAGE_STANDARD = gnu11;
				GCC_NO_COMMON_BLOCKS = YES;
				GCC_WARN_64_TO_32_BIT_CONVERSION = YES;
				GCC_WARN_ABOUT_RETURN_TYPE = YES_ERROR;
				GCC_WARN_UNDECLARED_SELECTOR = YES;
				GCC_WARN_UNINITIALIZED_AUTOS = YES_AGGRESSIVE;
				GCC_WARN_UNUSED_FUNCTION = YES;
				GCC_WARN_UNUSED_VARIABLE = YES;
				IPHONEOS_DEPLOYMENT_TARGET = 11.4;
				MTL_ENABLE_DEBUG_INFO = NO;
				SDKROOT = iphoneos;
				SWIFT_COMPILATION_MODE = wholemodule;
				SWIFT_OPTIMIZATION_LEVEL = "-O";
				VALIDATE_PRODUCT = YES;
			};
			name = Release;
		};
		46FB17FE21651ACB00F0E153 /* Debug */ = {
			isa = XCBuildConfiguration;
			baseConfigurationReference = 4BA47651DA20E551011FB480 /* Pods-MADD-Assignment-2.debug.xcconfig */;
			buildSettings = {
				ASSETCATALOG_COMPILER_APPICON_NAME = AppIcon;
				CODE_SIGN_STYLE = Automatic;
				INFOPLIST_FILE = "MADD-Assignment-2/Info.plist";
				LD_RUNPATH_SEARCH_PATHS = (
					"$(inherited)",
					"@executable_path/Frameworks",
				);
				PRODUCT_BUNDLE_IDENTIFIER = "me.nandunb.MADD-Assignment-2";
				PRODUCT_NAME = "$(TARGET_NAME)";
				SWIFT_VERSION = 4.0;
				TARGETED_DEVICE_FAMILY = "1,2";
			};
			name = Debug;
		};
		46FB17FF21651ACB00F0E153 /* Release */ = {
			isa = XCBuildConfiguration;
			baseConfigurationReference = 5646B89DAE14BFD678A8D9B0 /* Pods-MADD-Assignment-2.release.xcconfig */;
			buildSettings = {
				ASSETCATALOG_COMPILER_APPICON_NAME = AppIcon;
				CODE_SIGN_STYLE = Automatic;
				INFOPLIST_FILE = "MADD-Assignment-2/Info.plist";
				LD_RUNPATH_SEARCH_PATHS = (
					"$(inherited)",
					"@executable_path/Frameworks",
				);
				PRODUCT_BUNDLE_IDENTIFIER = "me.nandunb.MADD-Assignment-2";
				PRODUCT_NAME = "$(TARGET_NAME)";
				SWIFT_VERSION = 4.0;
				TARGETED_DEVICE_FAMILY = "1,2";
			};
			name = Release;
		};
/* End XCBuildConfiguration section */

/* Begin XCConfigurationList section */
		46FB17E621651AC900F0E153 /* Build configuration list for PBXProject "MADD-Assignment-2" */ = {
			isa = XCConfigurationList;
			buildConfigurations = (
				46FB17FB21651ACB00F0E153 /* Debug */,
				46FB17FC21651ACB00F0E153 /* Release */,
			);
			defaultConfigurationIsVisible = 0;
			defaultConfigurationName = Release;
		};
		46FB17FD21651ACB00F0E153 /* Build configuration list for PBXNativeTarget "MADD-Assignment-2" */ = {
			isa = XCConfigurationList;
			buildConfigurations = (
				46FB17FE21651ACB00F0E153 /* Debug */,
				46FB17FF21651ACB00F0E153 /* Release */,
			);
			defaultConfigurationIsVisible = 0;
			defaultConfigurationName = Release;
		};
/* End XCConfigurationList section */
	};
	rootObject = 46FB17E321651AC900F0E153 /* Project object */;
}
